
Microsoft Visual Studio Solution File, Format Version 12.00
# Visual Studio Version 17
VisualStudioVersion = 17.2.32526.322
MinimumVisualStudioVersion = 10.0.40219.1
Project("{FAE04EC0-301F-11D3-BF4B-00C04F79EFBC}") = "Week04Homework", "Week04Homework.csproj", "{562DF747-0905-4B43-8189-474F8311FA48}"
EndProject
Global
	GlobalSection(SolutionConfigurationPlatforms) = preSolution
		Debug|Any CPU = Debug|Any CPU
		Release|Any CPU = Release|Any CPU
	EndGlobalSection
	GlobalSection(ProjectConfigurationPlatforms) = postSolution
		{562DF747-0905-4B43-8189-474F8311FA48}.Debug|Any CPU.ActiveCfg = Debug|Any CPU
		{562DF747-0905-4B43-8189-474F8311FA48}.Debug|Any CPU.Build.0 = Debug|Any CPU
		{562DF747-0905-4B43-8189-474F8311FA48}.Release|Any CPU.ActiveCfg = Release|Any CPU
		{562DF747-0905-4B43-8189-474F8311FA48}.Release|Any CPU.Build.0 = Release|Any CPU
	EndGlobalSection
	GlobalSection(SolutionProperties) = preSolution
		HideSolutionNode = FALSE
	EndGlobalSection
	GlobalSection(ExtensibilityGlobals) = postSolution
		SolutionGuid = {A80D362A-04EB-4A43-AE76-43FFC20E40F0}
	EndGlobalSection
EndGlobal
