
Microsoft Visual Studio Solution File, Format Version 12.00
# Visual Studio Version 17
VisualStudioVersion = 17.2.32526.322
MinimumVisualStudioVersion = 10.0.40219.1
Project("{FAE04EC0-301F-11D3-BF4B-00C04F79EFBC}") = "Week05Homework", "Week05Homework.csproj", "{A669C900-820D-48B2-853F-B6C4AB49CD4B}"
EndProject
Global
	GlobalSection(SolutionConfigurationPlatforms) = preSolution
		Debug|Any CPU = Debug|Any CPU
		Release|Any CPU = Release|Any CPU
	EndGlobalSection
	GlobalSection(ProjectConfigurationPlatforms) = postSolution
		{A669C900-820D-48B2-853F-B6C4AB49CD4B}.Debug|Any CPU.ActiveCfg = Debug|Any CPU
		{A669C900-820D-48B2-853F-B6C4AB49CD4B}.Debug|Any CPU.Build.0 = Debug|Any CPU
		{A669C900-820D-48B2-853F-B6C4AB49CD4B}.Release|Any CPU.ActiveCfg = Release|Any CPU
		{A669C900-820D-48B2-853F-B6C4AB49CD4B}.Release|Any CPU.Build.0 = Release|Any CPU
	EndGlobalSection
	GlobalSection(SolutionProperties) = preSolution
		HideSolutionNode = FALSE
	EndGlobalSection
	GlobalSection(ExtensibilityGlobals) = postSolution
		SolutionGuid = {9BC8BD35-723F-419E-9622-440D032C485C}
	EndGlobalSection
EndGlobal
